
Microsoft Visual Studio Solution File, Format Version 12.00
# Visual Studio Version 16
VisualStudioVersion = 16.0.29025.244
MinimumVisualStudioVersion = 10.0.40219.1
Project("{9A19103F-16F7-4668-BE54-9A1E7A4F7556}") = "AzDoExtensionNews", "AzDoExtensionNews\AzDoExtensionNews.csproj", "{A0A70CF0-421F-41FD-9FE4-BBE51D3A7B4F}"
EndProject
Project("{FAE04EC0-301F-11D3-BF4B-00C04F79EFBC}") = "AzDoExtensionNews.UnitTests", "AzDoExtensionNews.UnitTests\AzDoExtensionNews.UnitTests.csproj", "{03C3E3A4-D232-4947-BB03-4FFE88BB604A}"
	ProjectSection(ProjectDependencies) = postProject
		{A0A70CF0-421F-41FD-9FE4-BBE51D3A7B4F} = {A0A70CF0-421F-41FD-9FE4-BBE51D3A7B4F}
	EndProjectSection
EndProject
Global
	GlobalSection(SolutionConfigurationPlatforms) = preSolution
		Debug|Any CPU = Debug|Any CPU
		Release|Any CPU = Release|Any CPU
	EndGlobalSection
	GlobalSection(ProjectConfigurationPlatforms) = postSolution
		{A0A70CF0-421F-41FD-9FE4-BBE51D3A7B4F}.Debug|Any CPU.ActiveCfg = Debug|Any CPU
		{A0A70CF0-421F-41FD-9FE4-BBE51D3A7B4F}.Debug|Any CPU.Build.0 = Debug|Any CPU
		{A0A70CF0-421F-41FD-9FE4-BBE51D3A7B4F}.Release|Any CPU.ActiveCfg = Release|Any CPU
		{A0A70CF0-421F-41FD-9FE4-BBE51D3A7B4F}.Release|Any CPU.Build.0 = Release|Any CPU
		{03C3E3A4-D232-4947-BB03-4FFE88BB604A}.Debug|Any CPU.ActiveCfg = Debug|Any CPU
		{03C3E3A4-D232-4947-BB03-4FFE88BB604A}.Debug|Any CPU.Build.0 = Debug|Any CPU
		{03C3E3A4-D232-4947-BB03-4FFE88BB604A}.Release|Any CPU.ActiveCfg = Release|Any CPU
		{03C3E3A4-D232-4947-BB03-4FFE88BB604A}.Release|Any CPU.Build.0 = Release|Any CPU
	EndGlobalSection
	GlobalSection(SolutionProperties) = preSolution
		HideSolutionNode = FALSE
	EndGlobalSection
	GlobalSection(ExtensibilityGlobals) = postSolution
		SolutionGuid = {20B6B791-FFEA-45FF-B76D-BAF773066E66}
	EndGlobalSection
EndGlobal
